
Microsoft Visual Studio Solution File, Format Version 12.00
# Visual Studio 15
VisualStudioVersion = 15.0.28307.136
MinimumVisualStudioVersion = 10.0.40219.1
Project("{FAE04EC0-301F-11D3-BF4B-00C04F79EFBC}") = "Ds.Arrays.Medium.SparseArrays", "Ds.Arrays.Medium.SparseArrays\Ds.Arrays.Medium.SparseArrays.csproj", "{2818D69E-026A-4CD0-B12A-AAF5DF64ED3A}"
EndProject
Project("{FAE04EC0-301F-11D3-BF4B-00C04F79EFBC}") = "Ds.LinkedLists.Medium.CycleDetection", "Ds.LinkedLists.Medium.CycleDetection\Ds.LinkedLists.Medium.CycleDetection.csproj", "{9E34C4D2-C25A-45CD-BA99-7B4D39C95DD9}"
EndProject
Project("{FAE04EC0-301F-11D3-BF4B-00C04F79EFBC}") = "Ds.Stacks.Hard.AndXorOr", "Ds.Stacks.Hard.AndXorOr\Ds.Stacks.Hard.AndXorOr.csproj", "{DFE362B4-F33D-4B81-B871-7C6C9D288F2B}"
EndProject
Project("{FAE04EC0-301F-11D3-BF4B-00C04F79EFBC}") = "Ds.Arrays.Hard.ArrayManipulation", "Ds.Arrays.Hard.ArrayManipulation\Ds.Arrays.Hard.ArrayManipulation.csproj", "{151B48E2-DF59-4B05-968D-1792F14AA1FE}"
EndProject
Project("{FAE04EC0-301F-11D3-BF4B-00C04F79EFBC}") = "Ds.Queues.Medium.QueueUsingStacks", "Ds.Queues.Medium.QueueUsingStacks\Ds.Queues.Medium.QueueUsingStacks.csproj", "{D22127A7-32FA-4014-B84D-F7D34A1F1992}"
EndProject
Project("{FAE04EC0-301F-11D3-BF4B-00C04F79EFBC}") = "Ds.Stacks.Medium.BalancedBrackets", "Ds.Stacks.Medium.BalancedBrackets\Ds.Stacks.Medium.BalancedBrackets.csproj", "{05E7856F-EFDF-4519-A33D-E29E922588FE}"
EndProject
Project("{FAE04EC0-301F-11D3-BF4B-00C04F79EFBC}") = "Ds.Stacks.Medium.GameOfTwoStacks", "Ds.Stacks.Medium.GameOfTwoStacks\Ds.Stacks.Medium.GameOfTwoStacks.csproj", "{AB2EB34E-4A13-4F19-8A47-6333EDBCD99A}"
EndProject
Project("{FAE04EC0-301F-11D3-BF4B-00C04F79EFBC}") = "Ds.Stacks.Medium.LargestRectangle", "Ds.Stacks.Medium.LargestRectangle\Ds.Stacks.Medium.LargestRectangle.csproj", "{D71BA96A-B5DC-4C35-AD4B-AA24C4C59701}"
EndProject
Project("{FAE04EC0-301F-11D3-BF4B-00C04F79EFBC}") = "Ds.Arrays.Easy.MaximalSubArray", "Ds.Arrays.Easy.MaximalSubArray\Ds.Arrays.Easy.MaximalSubArray.csproj", "{F87512A7-855F-49D5-9D3F-FF9278FED297}"
EndProject
Project("{FAE04EC0-301F-11D3-BF4B-00C04F79EFBC}") = "Ds.Stacks.Medium.TextEditor", "Ds.Stacks.Medium.TextEditor\Ds.Stacks.Medium.TextEditor.csproj", "{446F0BD2-5B4B-43CF-A77A-18929CE7F910}"
EndProject
Project("{FAE04EC0-301F-11D3-BF4B-00C04F79EFBC}") = "Ds.Stacks.Medium.Waiter", "Ds.Stacks.Medium.Waiter\Ds.Stacks.Medium.Waiter.csproj", "{2ED97653-9BE5-46A4-8A2E-154C36C9FC7A}"
EndProject
Project("{FAE04EC0-301F-11D3-BF4B-00C04F79EFBC}") = "Ds.Stacks.Hard.PoisonousPlants", "Ds.Stacks.Hard.PoisonousPlants\Ds.Stacks.Hard.PoisonousPlants.csproj", "{80CBB1E0-CD80-4F5A-8B1C-42164D712992}"
EndProject
Project("{FAE04EC0-301F-11D3-BF4B-00C04F79EFBC}") = "Ds.Queues.Hard.TruckTour", "Ds.Queues.Hard.TruckTour\Ds.Queues.Hard.TruckTour.csproj", "{041CB5BD-FE1C-40DC-A066-D06DF02DBB9F}"
EndProject
Project("{FAE04EC0-301F-11D3-BF4B-00C04F79EFBC}") = "Algo.Generic.Easy.MatrixRotation", "Algo.Generic.Easy.MatrixRotation\Algo.Generic.Easy.MatrixRotation.csproj", "{EF892EDE-6654-4F54-B083-E6048DA7932C}"
EndProject
Project("{FAE04EC0-301F-11D3-BF4B-00C04F79EFBC}") = "Algo.Generic.Easy.MatrixRotationInPlace", "Algo.Generic.Easy.MatrixRotationInPlace\Algo.Generic.Easy.MatrixRotationInPlace.csproj", "{5BA02C26-B458-4B0A-A8C9-ACC3E37C783A}"
EndProject
Project("{FAE04EC0-301F-11D3-BF4B-00C04F79EFBC}") = "Algo.Search.Hard.MaximalSubarraySum", "Algo.Search.Hard.MaximalSubarraySum\Algo.Search.Hard.MaximalSubarraySum.csproj", "{E304DB32-20EB-478F-8F30-EB17D212A066}"
EndProject
Project("{FAE04EC0-301F-11D3-BF4B-00C04F79EFBC}") = "Algo.NpComplete.SamsPuzzle", "Algo.NpComplete.SamsPuzzle\Algo.NpComplete.SamsPuzzle.csproj", "{92D7F1F0-8499-4DBE-80A4-5700AF985C88}"
EndProject
Project("{FAE04EC0-301F-11D3-BF4B-00C04F79EFBC}") = "Algo.Recursion.Easy.CountInversions", "Algo.Recursion.Easy.CountInversions\Algo.Recursion.Easy.CountInversions.csproj", "{0D8EF866-74D7-4FE5-BF2F-12248FC75330}"
EndProject
Project("{FAE04EC0-301F-11D3-BF4B-00C04F79EFBC}") = "Algo.Recursion.Easy.QuickSort", "Algo.Recursion.Easy.QuickSort\Algo.Recursion.Easy.QuickSort.csproj", "{B04BF6DA-5088-4F0F-8C5F-B877D218F388}"
EndProject
Project("{FAE04EC0-301F-11D3-BF4B-00C04F79EFBC}") = "Ds.Graphs.Medium.KargerMinCut", "Ds.Graphs.Medium.KargerMinCut\Ds.Graphs.Medium.KargerMinCut.csproj", "{886B2550-7D6C-4894-B6D7-26302A06A95A}"
EndProject
Project("{FAE04EC0-301F-11D3-BF4B-00C04F79EFBC}") = "Ds.Graphs.Medium.KosarajuScc", "Ds.Graphs.Medium.KosarajuScc\Ds.Graphs.Medium.KosarajuScc.csproj", "{BF5D2E76-C14C-4D2D-9E6D-627EBC5AB005}"
EndProject
Project("{FAE04EC0-301F-11D3-BF4B-00C04F79EFBC}") = "Ds.Heaps.Easy.Basic", "Ds.Heaps.Easy.Basic\Ds.Heaps.Easy.Basic.csproj", "{2E9CAC85-D1D2-4B05-9573-D77CD50DE90D}"
EndProject
Project("{FAE04EC0-301F-11D3-BF4B-00C04F79EFBC}") = "Ds.Graphs.Medium.DijkstraMinPath", "Ds.Graphs.Medium.DijkstraMinPath\Ds.Graphs.Medium.DijkstraMinPath.csproj", "{48BEE960-EA39-463B-8782-59130B5782FA}"
EndProject
Project("{FAE04EC0-301F-11D3-BF4B-00C04F79EFBC}") = "Ds.Heaps.Easy.MedianMaintainance", "Ds.Heaps.Easy.MedianMaintainance\Ds.Heaps.Easy.MedianMaintainance.csproj", "{A632296C-46DA-4B5E-B6F9-302C455E2C64}"
EndProject
Project("{FAE04EC0-301F-11D3-BF4B-00C04F79EFBC}") = "Ds.Hashsets.Easy.TwoSumProblem", "Ds.Hashsets.Easy.TwoSumProblem\Ds.Hashsets.Easy.TwoSumProblem.csproj", "{942F04E2-9F05-4296-A11F-DA731587FA81}"
EndProject
Project("{FAE04EC0-301F-11D3-BF4B-00C04F79EFBC}") = "Algo.Recursion.KaratsubaMultiplication", "Algo.Recursion.KaratsubaMultiplication\Algo.Recursion.KaratsubaMultiplication.csproj", "{01135586-9463-4693-9CB6-62953F4E058E}"
EndProject
Project("{FAE04EC0-301F-11D3-BF4B-00C04F79EFBC}") = "Ds.Bst.Easy.Basic", "Ds.Bst.Easy.Basic\Ds.Bst.Easy.Basic.csproj", "{1C1A8940-12FE-46C6-AEF7-059E8FE074D8}"
EndProject
Project("{FAE04EC0-301F-11D3-BF4B-00C04F79EFBC}") = "Ds.Graphs.Easy.PrimsMst", "Ds.Graphs.Easy.PrimsMst\Ds.Graphs.Easy.PrimsMst.csproj", "{80268BC3-D135-4D03-86BF-B2F3F1ED1DAE}"
EndProject
Project("{2150E333-8FDC-42A3-9474-1A3956D46DE8}") = "DynamicProgramming", "DynamicProgramming", "{B7BC6E51-6A2D-4CBA-B804-EA3AF908D3EA}"
EndProject
Project("{2150E333-8FDC-42A3-9474-1A3956D46DE8}") = "Greedy", "Greedy", "{18AA2437-8259-45C3-99D1-814B47828056}"
EndProject
Project("{FAE04EC0-301F-11D3-BF4B-00C04F79EFBC}") = "Algo.Dp.BellmanFord", "DynamicProgramming\Algo.Dp.BellmanFord\Algo.Dp.BellmanFord.csproj", "{3DB6AAF6-BBB1-4C27-AA8F-1521327D684A}"
EndProject
Project("{FAE04EC0-301F-11D3-BF4B-00C04F79EFBC}") = "Algo.Dp.CoinChange", "DynamicProgramming\Algo.Dp.CoinChange\Algo.Dp.CoinChange.csproj", "{B225352D-3177-47F6-9977-06277EBF0209}"
EndProject
Project("{FAE04EC0-301F-11D3-BF4B-00C04F79EFBC}") = "Algo.Dp.FloydWarshall", "DynamicProgramming\Algo.Dp.FloydWarshall\Algo.Dp.FloydWarshall.csproj", "{9402E017-3C97-4692-9C45-EB5072748353}"
EndProject
Project("{FAE04EC0-301F-11D3-BF4B-00C04F79EFBC}") = "Algo.Dp.Knapsack", "DynamicProgramming\Algo.Dp.Knapsack\Algo.Dp.Knapsack.csproj", "{EFE90409-24F7-492F-BB37-DEAAE36755CD}"
EndProject
Project("{FAE04EC0-301F-11D3-BF4B-00C04F79EFBC}") = "Algo.Dp.MaxWeightIndependentSet", "DynamicProgramming\Algo.Dp.MaxWeightIndependentSet\Algo.Dp.MaxWeightIndependentSet.csproj", "{DF0EFBF3-6B56-44B2-BFE9-A3133A51CD49}"
EndProject
Project("{FAE04EC0-301F-11D3-BF4B-00C04F79EFBC}") = "Algo.Dp.PerfectSumWithIndices", "DynamicProgramming\Algo.Dp.PerfectSumWithIndices\Algo.Dp.PerfectSumWithIndices.csproj", "{55DB2D29-1599-4C89-AC27-58F96456C5DF}"
EndProject
Project("{FAE04EC0-301F-11D3-BF4B-00C04F79EFBC}") = "Algo.Greedy.HuffmanCodes", "Greedy\Algo.Greedy.HuffmanCodes\Algo.Greedy.HuffmanCodes.csproj", "{23DA83E5-91AA-4A99-8FA4-DFD1C26F5BE2}"
EndProject
Project("{FAE04EC0-301F-11D3-BF4B-00C04F79EFBC}") = "Algo.Greedy.MaxSpaceKClustering", "Greedy\Algo.Greedy.MaxSpaceKClustering\Algo.Greedy.MaxSpaceKClustering.csproj", "{81709361-6930-44A9-8F7D-14429DD097A8}"
EndProject
Project("{FAE04EC0-301F-11D3-BF4B-00C04F79EFBC}") = "Algo.Greedy.MaxSpaceKClusteringReverse", "Greedy\Algo.Greedy.MaxSpaceKClusteringReverse\Algo.Greedy.MaxSpaceKClusteringReverse.csproj", "{FFF79988-B10C-4680-A0DA-24B750F02038}"
EndProject
Project("{FAE04EC0-301F-11D3-BF4B-00C04F79EFBC}") = "Algo.Greedy.Scheduling", "Greedy\Algo.Greedy.Scheduling\Algo.Greedy.Scheduling.csproj", "{0A1B0E35-9E73-4D2F-A09B-A76FE1F212DD}"
EndProject
Global
	GlobalSection(SolutionConfigurationPlatforms) = preSolution
		Debug|Any CPU = Debug|Any CPU
		Release|Any CPU = Release|Any CPU
	EndGlobalSection
	GlobalSection(ProjectConfigurationPlatforms) = postSolution
		{2818D69E-026A-4CD0-B12A-AAF5DF64ED3A}.Debug|Any CPU.ActiveCfg = Debug|Any CPU
		{2818D69E-026A-4CD0-B12A-AAF5DF64ED3A}.Debug|Any CPU.Build.0 = Debug|Any CPU
		{2818D69E-026A-4CD0-B12A-AAF5DF64ED3A}.Release|Any CPU.ActiveCfg = Release|Any CPU
		{2818D69E-026A-4CD0-B12A-AAF5DF64ED3A}.Release|Any CPU.Build.0 = Release|Any CPU
		{9E34C4D2-C25A-45CD-BA99-7B4D39C95DD9}.Debug|Any CPU.ActiveCfg = Debug|Any CPU
		{9E34C4D2-C25A-45CD-BA99-7B4D39C95DD9}.Debug|Any CPU.Build.0 = Debug|Any CPU
		{9E34C4D2-C25A-45CD-BA99-7B4D39C95DD9}.Release|Any CPU.ActiveCfg = Release|Any CPU
		{9E34C4D2-C25A-45CD-BA99-7B4D39C95DD9}.Release|Any CPU.Build.0 = Release|Any CPU
		{DFE362B4-F33D-4B81-B871-7C6C9D288F2B}.Debug|Any CPU.ActiveCfg = Debug|Any CPU
		{DFE362B4-F33D-4B81-B871-7C6C9D288F2B}.Debug|Any CPU.Build.0 = Debug|Any CPU
		{DFE362B4-F33D-4B81-B871-7C6C9D288F2B}.Release|Any CPU.ActiveCfg = Release|Any CPU
		{DFE362B4-F33D-4B81-B871-7C6C9D288F2B}.Release|Any CPU.Build.0 = Release|Any CPU
		{151B48E2-DF59-4B05-968D-1792F14AA1FE}.Debug|Any CPU.ActiveCfg = Debug|Any CPU
		{151B48E2-DF59-4B05-968D-1792F14AA1FE}.Debug|Any CPU.Build.0 = Debug|Any CPU
		{151B48E2-DF59-4B05-968D-1792F14AA1FE}.Release|Any CPU.ActiveCfg = Release|Any CPU
		{151B48E2-DF59-4B05-968D-1792F14AA1FE}.Release|Any CPU.Build.0 = Release|Any CPU
		{D22127A7-32FA-4014-B84D-F7D34A1F1992}.Debug|Any CPU.ActiveCfg = Debug|Any CPU
		{D22127A7-32FA-4014-B84D-F7D34A1F1992}.Debug|Any CPU.Build.0 = Debug|Any CPU
		{D22127A7-32FA-4014-B84D-F7D34A1F1992}.Release|Any CPU.ActiveCfg = Release|Any CPU
		{D22127A7-32FA-4014-B84D-F7D34A1F1992}.Release|Any CPU.Build.0 = Release|Any CPU
		{05E7856F-EFDF-4519-A33D-E29E922588FE}.Debug|Any CPU.ActiveCfg = Debug|Any CPU
		{05E7856F-EFDF-4519-A33D-E29E922588FE}.Debug|Any CPU.Build.0 = Debug|Any CPU
		{05E7856F-EFDF-4519-A33D-E29E922588FE}.Release|Any CPU.ActiveCfg = Release|Any CPU
		{05E7856F-EFDF-4519-A33D-E29E922588FE}.Release|Any CPU.Build.0 = Release|Any CPU
		{AB2EB34E-4A13-4F19-8A47-6333EDBCD99A}.Debug|Any CPU.ActiveCfg = Debug|Any CPU
		{AB2EB34E-4A13-4F19-8A47-6333EDBCD99A}.Debug|Any CPU.Build.0 = Debug|Any CPU
		{AB2EB34E-4A13-4F19-8A47-6333EDBCD99A}.Release|Any CPU.ActiveCfg = Release|Any CPU
		{AB2EB34E-4A13-4F19-8A47-6333EDBCD99A}.Release|Any CPU.Build.0 = Release|Any CPU
		{D71BA96A-B5DC-4C35-AD4B-AA24C4C59701}.Debug|Any CPU.ActiveCfg = Debug|Any CPU
		{D71BA96A-B5DC-4C35-AD4B-AA24C4C59701}.Debug|Any CPU.Build.0 = Debug|Any CPU
		{D71BA96A-B5DC-4C35-AD4B-AA24C4C59701}.Release|Any CPU.ActiveCfg = Release|Any CPU
		{D71BA96A-B5DC-4C35-AD4B-AA24C4C59701}.Release|Any CPU.Build.0 = Release|Any CPU
		{F87512A7-855F-49D5-9D3F-FF9278FED297}.Debug|Any CPU.ActiveCfg = Debug|Any CPU
		{F87512A7-855F-49D5-9D3F-FF9278FED297}.Debug|Any CPU.Build.0 = Debug|Any CPU
		{F87512A7-855F-49D5-9D3F-FF9278FED297}.Release|Any CPU.ActiveCfg = Release|Any CPU
		{F87512A7-855F-49D5-9D3F-FF9278FED297}.Release|Any CPU.Build.0 = Release|Any CPU
		{446F0BD2-5B4B-43CF-A77A-18929CE7F910}.Debug|Any CPU.ActiveCfg = Debug|Any CPU
		{446F0BD2-5B4B-43CF-A77A-18929CE7F910}.Debug|Any CPU.Build.0 = Debug|Any CPU
		{446F0BD2-5B4B-43CF-A77A-18929CE7F910}.Release|Any CPU.ActiveCfg = Release|Any CPU
		{446F0BD2-5B4B-43CF-A77A-18929CE7F910}.Release|Any CPU.Build.0 = Release|Any CPU
		{2ED97653-9BE5-46A4-8A2E-154C36C9FC7A}.Debug|Any CPU.ActiveCfg = Debug|Any CPU
		{2ED97653-9BE5-46A4-8A2E-154C36C9FC7A}.Debug|Any CPU.Build.0 = Debug|Any CPU
		{2ED97653-9BE5-46A4-8A2E-154C36C9FC7A}.Release|Any CPU.ActiveCfg = Release|Any CPU
		{2ED97653-9BE5-46A4-8A2E-154C36C9FC7A}.Release|Any CPU.Build.0 = Release|Any CPU
		{80CBB1E0-CD80-4F5A-8B1C-42164D712992}.Debug|Any CPU.ActiveCfg = Debug|Any CPU
		{80CBB1E0-CD80-4F5A-8B1C-42164D712992}.Debug|Any CPU.Build.0 = Debug|Any CPU
		{80CBB1E0-CD80-4F5A-8B1C-42164D712992}.Release|Any CPU.ActiveCfg = Release|Any CPU
		{80CBB1E0-CD80-4F5A-8B1C-42164D712992}.Release|Any CPU.Build.0 = Release|Any CPU
		{041CB5BD-FE1C-40DC-A066-D06DF02DBB9F}.Debug|Any CPU.ActiveCfg = Debug|Any CPU
		{041CB5BD-FE1C-40DC-A066-D06DF02DBB9F}.Debug|Any CPU.Build.0 = Debug|Any CPU
		{041CB5BD-FE1C-40DC-A066-D06DF02DBB9F}.Release|Any CPU.ActiveCfg = Release|Any CPU
		{041CB5BD-FE1C-40DC-A066-D06DF02DBB9F}.Release|Any CPU.Build.0 = Release|Any CPU
		{EF892EDE-6654-4F54-B083-E6048DA7932C}.Debug|Any CPU.ActiveCfg = Debug|Any CPU
		{EF892EDE-6654-4F54-B083-E6048DA7932C}.Debug|Any CPU.Build.0 = Debug|Any CPU
		{EF892EDE-6654-4F54-B083-E6048DA7932C}.Release|Any CPU.ActiveCfg = Release|Any CPU
		{EF892EDE-6654-4F54-B083-E6048DA7932C}.Release|Any CPU.Build.0 = Release|Any CPU
		{5BA02C26-B458-4B0A-A8C9-ACC3E37C783A}.Debug|Any CPU.ActiveCfg = Debug|Any CPU
		{5BA02C26-B458-4B0A-A8C9-ACC3E37C783A}.Debug|Any CPU.Build.0 = Debug|Any CPU
		{5BA02C26-B458-4B0A-A8C9-ACC3E37C783A}.Release|Any CPU.ActiveCfg = Release|Any CPU
		{5BA02C26-B458-4B0A-A8C9-ACC3E37C783A}.Release|Any CPU.Build.0 = Release|Any CPU
		{E304DB32-20EB-478F-8F30-EB17D212A066}.Debug|Any CPU.ActiveCfg = Debug|Any CPU
		{E304DB32-20EB-478F-8F30-EB17D212A066}.Debug|Any CPU.Build.0 = Debug|Any CPU
		{E304DB32-20EB-478F-8F30-EB17D212A066}.Release|Any CPU.ActiveCfg = Release|Any CPU
		{E304DB32-20EB-478F-8F30-EB17D212A066}.Release|Any CPU.Build.0 = Release|Any CPU
		{92D7F1F0-8499-4DBE-80A4-5700AF985C88}.Debug|Any CPU.ActiveCfg = Debug|Any CPU
		{92D7F1F0-8499-4DBE-80A4-5700AF985C88}.Debug|Any CPU.Build.0 = Debug|Any CPU
		{92D7F1F0-8499-4DBE-80A4-5700AF985C88}.Release|Any CPU.ActiveCfg = Release|Any CPU
		{92D7F1F0-8499-4DBE-80A4-5700AF985C88}.Release|Any CPU.Build.0 = Release|Any CPU
		{0D8EF866-74D7-4FE5-BF2F-12248FC75330}.Debug|Any CPU.ActiveCfg = Debug|Any CPU
		{0D8EF866-74D7-4FE5-BF2F-12248FC75330}.Debug|Any CPU.Build.0 = Debug|Any CPU
		{0D8EF866-74D7-4FE5-BF2F-12248FC75330}.Release|Any CPU.ActiveCfg = Release|Any CPU
		{0D8EF866-74D7-4FE5-BF2F-12248FC75330}.Release|Any CPU.Build.0 = Release|Any CPU
		{B04BF6DA-5088-4F0F-8C5F-B877D218F388}.Debug|Any CPU.ActiveCfg = Debug|Any CPU
		{B04BF6DA-5088-4F0F-8C5F-B877D218F388}.Debug|Any CPU.Build.0 = Debug|Any CPU
		{B04BF6DA-5088-4F0F-8C5F-B877D218F388}.Release|Any CPU.ActiveCfg = Release|Any CPU
		{B04BF6DA-5088-4F0F-8C5F-B877D218F388}.Release|Any CPU.Build.0 = Release|Any CPU
		{886B2550-7D6C-4894-B6D7-26302A06A95A}.Debug|Any CPU.ActiveCfg = Debug|Any CPU
		{886B2550-7D6C-4894-B6D7-26302A06A95A}.Debug|Any CPU.Build.0 = Debug|Any CPU
		{886B2550-7D6C-4894-B6D7-26302A06A95A}.Release|Any CPU.ActiveCfg = Release|Any CPU
		{886B2550-7D6C-4894-B6D7-26302A06A95A}.Release|Any CPU.Build.0 = Release|Any CPU
		{BF5D2E76-C14C-4D2D-9E6D-627EBC5AB005}.Debug|Any CPU.ActiveCfg = Debug|Any CPU
		{BF5D2E76-C14C-4D2D-9E6D-627EBC5AB005}.Debug|Any CPU.Build.0 = Debug|Any CPU
		{BF5D2E76-C14C-4D2D-9E6D-627EBC5AB005}.Release|Any CPU.ActiveCfg = Release|Any CPU
		{BF5D2E76-C14C-4D2D-9E6D-627EBC5AB005}.Release|Any CPU.Build.0 = Release|Any CPU
		{2E9CAC85-D1D2-4B05-9573-D77CD50DE90D}.Debug|Any CPU.ActiveCfg = Debug|Any CPU
		{2E9CAC85-D1D2-4B05-9573-D77CD50DE90D}.Debug|Any CPU.Build.0 = Debug|Any CPU
		{2E9CAC85-D1D2-4B05-9573-D77CD50DE90D}.Release|Any CPU.ActiveCfg = Release|Any CPU
		{2E9CAC85-D1D2-4B05-9573-D77CD50DE90D}.Release|Any CPU.Build.0 = Release|Any CPU
		{48BEE960-EA39-463B-8782-59130B5782FA}.Debug|Any CPU.ActiveCfg = Debug|Any CPU
		{48BEE960-EA39-463B-8782-59130B5782FA}.Debug|Any CPU.Build.0 = Debug|Any CPU
		{48BEE960-EA39-463B-8782-59130B5782FA}.Release|Any CPU.ActiveCfg = Release|Any CPU
		{48BEE960-EA39-463B-8782-59130B5782FA}.Release|Any CPU.Build.0 = Release|Any CPU
		{A632296C-46DA-4B5E-B6F9-302C455E2C64}.Debug|Any CPU.ActiveCfg = Debug|Any CPU
		{A632296C-46DA-4B5E-B6F9-302C455E2C64}.Debug|Any CPU.Build.0 = Debug|Any CPU
		{A632296C-46DA-4B5E-B6F9-302C455E2C64}.Release|Any CPU.ActiveCfg = Release|Any CPU
		{A632296C-46DA-4B5E-B6F9-302C455E2C64}.Release|Any CPU.Build.0 = Release|Any CPU
		{942F04E2-9F05-4296-A11F-DA731587FA81}.Debug|Any CPU.ActiveCfg = Debug|Any CPU
		{942F04E2-9F05-4296-A11F-DA731587FA81}.Debug|Any CPU.Build.0 = Debug|Any CPU
		{942F04E2-9F05-4296-A11F-DA731587FA81}.Release|Any CPU.ActiveCfg = Release|Any CPU
		{942F04E2-9F05-4296-A11F-DA731587FA81}.Release|Any CPU.Build.0 = Release|Any CPU
		{01135586-9463-4693-9CB6-62953F4E058E}.Debug|Any CPU.ActiveCfg = Debug|Any CPU
		{01135586-9463-4693-9CB6-62953F4E058E}.Debug|Any CPU.Build.0 = Debug|Any CPU
		{01135586-9463-4693-9CB6-62953F4E058E}.Release|Any CPU.ActiveCfg = Release|Any CPU
		{01135586-9463-4693-9CB6-62953F4E058E}.Release|Any CPU.Build.0 = Release|Any CPU
		{1C1A8940-12FE-46C6-AEF7-059E8FE074D8}.Debug|Any CPU.ActiveCfg = Debug|Any CPU
		{1C1A8940-12FE-46C6-AEF7-059E8FE074D8}.Debug|Any CPU.Build.0 = Debug|Any CPU
		{1C1A8940-12FE-46C6-AEF7-059E8FE074D8}.Release|Any CPU.ActiveCfg = Release|Any CPU
		{1C1A8940-12FE-46C6-AEF7-059E8FE074D8}.Release|Any CPU.Build.0 = Release|Any CPU
		{80268BC3-D135-4D03-86BF-B2F3F1ED1DAE}.Debug|Any CPU.ActiveCfg = Debug|Any CPU
		{80268BC3-D135-4D03-86BF-B2F3F1ED1DAE}.Debug|Any CPU.Build.0 = Debug|Any CPU
		{80268BC3-D135-4D03-86BF-B2F3F1ED1DAE}.Release|Any CPU.ActiveCfg = Release|Any CPU
		{80268BC3-D135-4D03-86BF-B2F3F1ED1DAE}.Release|Any CPU.Build.0 = Release|Any CPU
		{3DB6AAF6-BBB1-4C27-AA8F-1521327D684A}.Debug|Any CPU.ActiveCfg = Debug|Any CPU
		{3DB6AAF6-BBB1-4C27-AA8F-1521327D684A}.Debug|Any CPU.Build.0 = Debug|Any CPU
		{3DB6AAF6-BBB1-4C27-AA8F-1521327D684A}.Release|Any CPU.ActiveCfg = Release|Any CPU
		{3DB6AAF6-BBB1-4C27-AA8F-1521327D684A}.Release|Any CPU.Build.0 = Release|Any CPU
		{B225352D-3177-47F6-9977-06277EBF0209}.Debug|Any CPU.ActiveCfg = Debug|Any CPU
		{B225352D-3177-47F6-9977-06277EBF0209}.Debug|Any CPU.Build.0 = Debug|Any CPU
		{B225352D-3177-47F6-9977-06277EBF0209}.Release|Any CPU.ActiveCfg = Release|Any CPU
		{B225352D-3177-47F6-9977-06277EBF0209}.Release|Any CPU.Build.0 = Release|Any CPU
		{9402E017-3C97-4692-9C45-EB5072748353}.Debug|Any CPU.ActiveCfg = Debug|Any CPU
		{9402E017-3C97-4692-9C45-EB5072748353}.Debug|Any CPU.Build.0 = Debug|Any CPU
		{9402E017-3C97-4692-9C45-EB5072748353}.Release|Any CPU.ActiveCfg = Release|Any CPU
		{9402E017-3C97-4692-9C45-EB5072748353}.Release|Any CPU.Build.0 = Release|Any CPU
		{EFE90409-24F7-492F-BB37-DEAAE36755CD}.Debug|Any CPU.ActiveCfg = Debug|Any CPU
		{EFE90409-24F7-492F-BB37-DEAAE36755CD}.Debug|Any CPU.Build.0 = Debug|Any CPU
		{EFE90409-24F7-492F-BB37-DEAAE36755CD}.Release|Any CPU.ActiveCfg = Release|Any CPU
		{EFE90409-24F7-492F-BB37-DEAAE36755CD}.Release|Any CPU.Build.0 = Release|Any CPU
		{DF0EFBF3-6B56-44B2-BFE9-A3133A51CD49}.Debug|Any CPU.ActiveCfg = Debug|Any CPU
		{DF0EFBF3-6B56-44B2-BFE9-A3133A51CD49}.Debug|Any CPU.Build.0 = Debug|Any CPU
		{DF0EFBF3-6B56-44B2-BFE9-A3133A51CD49}.Release|Any CPU.ActiveCfg = Release|Any CPU
		{DF0EFBF3-6B56-44B2-BFE9-A3133A51CD49}.Release|Any CPU.Build.0 = Release|Any CPU
		{55DB2D29-1599-4C89-AC27-58F96456C5DF}.Debug|Any CPU.ActiveCfg = Debug|Any CPU
		{55DB2D29-1599-4C89-AC27-58F96456C5DF}.Debug|Any CPU.Build.0 = Debug|Any CPU
		{55DB2D29-1599-4C89-AC27-58F96456C5DF}.Release|Any CPU.ActiveCfg = Release|Any CPU
		{55DB2D29-1599-4C89-AC27-58F96456C5DF}.Release|Any CPU.Build.0 = Release|Any CPU
		{23DA83E5-91AA-4A99-8FA4-DFD1C26F5BE2}.Debug|Any CPU.ActiveCfg = Debug|Any CPU
		{23DA83E5-91AA-4A99-8FA4-DFD1C26F5BE2}.Debug|Any CPU.Build.0 = Debug|Any CPU
		{23DA83E5-91AA-4A99-8FA4-DFD1C26F5BE2}.Release|Any CPU.ActiveCfg = Release|Any CPU
		{23DA83E5-91AA-4A99-8FA4-DFD1C26F5BE2}.Release|Any CPU.Build.0 = Release|Any CPU
		{81709361-6930-44A9-8F7D-14429DD097A8}.Debug|Any CPU.ActiveCfg = Debug|Any CPU
		{81709361-6930-44A9-8F7D-14429DD097A8}.Debug|Any CPU.Build.0 = Debug|Any CPU
		{81709361-6930-44A9-8F7D-14429DD097A8}.Release|Any CPU.ActiveCfg = Release|Any CPU
		{81709361-6930-44A9-8F7D-14429DD097A8}.Release|Any CPU.Build.0 = Release|Any CPU
		{FFF79988-B10C-4680-A0DA-24B750F02038}.Debug|Any CPU.ActiveCfg = Debug|Any CPU
		{FFF79988-B10C-4680-A0DA-24B750F02038}.Debug|Any CPU.Build.0 = Debug|Any CPU
		{FFF79988-B10C-4680-A0DA-24B750F02038}.Release|Any CPU.ActiveCfg = Release|Any CPU
		{FFF79988-B10C-4680-A0DA-24B750F02038}.Release|Any CPU.Build.0 = Release|Any CPU
		{0A1B0E35-9E73-4D2F-A09B-A76FE1F212DD}.Debug|Any CPU.ActiveCfg = Debug|Any CPU
		{0A1B0E35-9E73-4D2F-A09B-A76FE1F212DD}.Debug|Any CPU.Build.0 = Debug|Any CPU
		{0A1B0E35-9E73-4D2F-A09B-A76FE1F212DD}.Release|Any CPU.ActiveCfg = Release|Any CPU
		{0A1B0E35-9E73-4D2F-A09B-A76FE1F212DD}.Release|Any CPU.Build.0 = Release|Any CPU
	EndGlobalSection
	GlobalSection(SolutionProperties) = preSolution
		HideSolutionNode = FALSE
	EndGlobalSection
	GlobalSection(NestedProjects) = preSolution
		{3DB6AAF6-BBB1-4C27-AA8F-1521327D684A} = {B7BC6E51-6A2D-4CBA-B804-EA3AF908D3EA}
		{B225352D-3177-47F6-9977-06277EBF0209} = {B7BC6E51-6A2D-4CBA-B804-EA3AF908D3EA}
		{9402E017-3C97-4692-9C45-EB5072748353} = {B7BC6E51-6A2D-4CBA-B804-EA3AF908D3EA}
		{EFE90409-24F7-492F-BB37-DEAAE36755CD} = {B7BC6E51-6A2D-4CBA-B804-EA3AF908D3EA}
		{DF0EFBF3-6B56-44B2-BFE9-A3133A51CD49} = {B7BC6E51-6A2D-4CBA-B804-EA3AF908D3EA}
		{55DB2D29-1599-4C89-AC27-58F96456C5DF} = {B7BC6E51-6A2D-4CBA-B804-EA3AF908D3EA}
		{23DA83E5-91AA-4A99-8FA4-DFD1C26F5BE2} = {18AA2437-8259-45C3-99D1-814B47828056}
		{81709361-6930-44A9-8F7D-14429DD097A8} = {18AA2437-8259-45C3-99D1-814B47828056}
		{FFF79988-B10C-4680-A0DA-24B750F02038} = {18AA2437-8259-45C3-99D1-814B47828056}
		{0A1B0E35-9E73-4D2F-A09B-A76FE1F212DD} = {18AA2437-8259-45C3-99D1-814B47828056}
	EndGlobalSection
	GlobalSection(ExtensibilityGlobals) = postSolution
		SolutionGuid = {E553AC94-604C-4419-830A-EA62B6040E26}
	EndGlobalSection
EndGlobal
