
Microsoft Visual Studio Solution File, Format Version 12.00
# Visual Studio 15
VisualStudioVersion = 15.0.28307.136
MinimumVisualStudioVersion = 10.0.40219.1
Project("{FAE04EC0-301F-11D3-BF4B-00C04F79EFBC}") = "Ds.Arrays.Medium.SparseArrays", "Ds.Arrays.Medium.SparseArrays\Ds.Arrays.Medium.SparseArrays.csproj", "{2818D69E-026A-4CD0-B12A-AAF5DF64ED3A}"
EndProject
Project("{FAE04EC0-301F-11D3-BF4B-00C04F79EFBC}") = "Ds.LinkedLists.Medium.CycleDetection", "Ds.LinkedLists.Medium.CycleDetection\Ds.LinkedLists.Medium.CycleDetection.csproj", "{9E34C4D2-C25A-45CD-BA99-7B4D39C95DD9}"
EndProject
Project("{FAE04EC0-301F-11D3-BF4B-00C04F79EFBC}") = "Ds.Stacks.Hard.AndXorOr", "Ds.Stacks.Hard.AndXorOr\Ds.Stacks.Hard.AndXorOr.csproj", "{DFE362B4-F33D-4B81-B871-7C6C9D288F2B}"
EndProject
Project("{FAE04EC0-301F-11D3-BF4B-00C04F79EFBC}") = "Ds.Arrays.Hard.ArrayManipulation", "Ds.Arrays.Hard.ArrayManipulation\Ds.Arrays.Hard.ArrayManipulation.csproj", "{151B48E2-DF59-4B05-968D-1792F14AA1FE}"
EndProject
Project("{FAE04EC0-301F-11D3-BF4B-00C04F79EFBC}") = "Ds.Queues.Medium.QueueUsingStacks", "Ds.Queues.Medium.QueueUsingStacks\Ds.Queues.Medium.QueueUsingStacks.csproj", "{D22127A7-32FA-4014-B84D-F7D34A1F1992}"
EndProject
Project("{FAE04EC0-301F-11D3-BF4B-00C04F79EFBC}") = "Ds.Stacks.Medium.BalancedBrackets", "Ds.Stacks.Medium.BalancedBrackets\Ds.Stacks.Medium.BalancedBrackets.csproj", "{05E7856F-EFDF-4519-A33D-E29E922588FE}"
EndProject
Project("{FAE04EC0-301F-11D3-BF4B-00C04F79EFBC}") = "Ds.Stacks.Medium.GameOfTwoStacks", "Ds.Stacks.Medium.GameOfTwoStacks\Ds.Stacks.Medium.GameOfTwoStacks.csproj", "{AB2EB34E-4A13-4F19-8A47-6333EDBCD99A}"
EndProject
Project("{FAE04EC0-301F-11D3-BF4B-00C04F79EFBC}") = "Ds.Stacks.Medium.LargestRectangle", "Ds.Stacks.Medium.LargestRectangle\Ds.Stacks.Medium.LargestRectangle.csproj", "{D71BA96A-B5DC-4C35-AD4B-AA24C4C59701}"
EndProject
Project("{FAE04EC0-301F-11D3-BF4B-00C04F79EFBC}") = "Ds.Arrays.Easy.MaximalSubArray", "Ds.Arrays.Easy.MaximalSubArray\Ds.Arrays.Easy.MaximalSubArray.csproj", "{F87512A7-855F-49D5-9D3F-FF9278FED297}"
EndProject
Project("{FAE04EC0-301F-11D3-BF4B-00C04F79EFBC}") = "Ds.Stacks.Medium.TextEditor", "Ds.Stacks.Medium.TextEditor\Ds.Stacks.Medium.TextEditor.csproj", "{446F0BD2-5B4B-43CF-A77A-18929CE7F910}"
EndProject
Project("{FAE04EC0-301F-11D3-BF4B-00C04F79EFBC}") = "Ds.Stacks.Medium.Waiter", "Ds.Stacks.Medium.Waiter\Ds.Stacks.Medium.Waiter.csproj", "{2ED97653-9BE5-46A4-8A2E-154C36C9FC7A}"
EndProject
Project("{FAE04EC0-301F-11D3-BF4B-00C04F79EFBC}") = "Ds.Stacks.Hard.PoisonousPlants", "Ds.Stacks.Hard.PoisonousPlants\Ds.Stacks.Hard.PoisonousPlants.csproj", "{80CBB1E0-CD80-4F5A-8B1C-42164D712992}"
EndProject
Project("{FAE04EC0-301F-11D3-BF4B-00C04F79EFBC}") = "Algo.Dp.CoinChange", "Algo.Dp.CoinChange\Algo.Dp.CoinChange.csproj", "{B440A5C6-E91D-47A2-85B5-755DE8D95181}"
EndProject
Project("{FAE04EC0-301F-11D3-BF4B-00C04F79EFBC}") = "Ds.Queues.Hard.TruckTour", "Ds.Queues.Hard.TruckTour\Ds.Queues.Hard.TruckTour.csproj", "{041CB5BD-FE1C-40DC-A066-D06DF02DBB9F}"
EndProject
Global
	GlobalSection(SolutionConfigurationPlatforms) = preSolution
		Debug|Any CPU = Debug|Any CPU
		Release|Any CPU = Release|Any CPU
	EndGlobalSection
	GlobalSection(ProjectConfigurationPlatforms) = postSolution
		{2818D69E-026A-4CD0-B12A-AAF5DF64ED3A}.Debug|Any CPU.ActiveCfg = Debug|Any CPU
		{2818D69E-026A-4CD0-B12A-AAF5DF64ED3A}.Debug|Any CPU.Build.0 = Debug|Any CPU
		{2818D69E-026A-4CD0-B12A-AAF5DF64ED3A}.Release|Any CPU.ActiveCfg = Release|Any CPU
		{2818D69E-026A-4CD0-B12A-AAF5DF64ED3A}.Release|Any CPU.Build.0 = Release|Any CPU
		{9E34C4D2-C25A-45CD-BA99-7B4D39C95DD9}.Debug|Any CPU.ActiveCfg = Debug|Any CPU
		{9E34C4D2-C25A-45CD-BA99-7B4D39C95DD9}.Debug|Any CPU.Build.0 = Debug|Any CPU
		{9E34C4D2-C25A-45CD-BA99-7B4D39C95DD9}.Release|Any CPU.ActiveCfg = Release|Any CPU
		{9E34C4D2-C25A-45CD-BA99-7B4D39C95DD9}.Release|Any CPU.Build.0 = Release|Any CPU
		{DFE362B4-F33D-4B81-B871-7C6C9D288F2B}.Debug|Any CPU.ActiveCfg = Debug|Any CPU
		{DFE362B4-F33D-4B81-B871-7C6C9D288F2B}.Debug|Any CPU.Build.0 = Debug|Any CPU
		{DFE362B4-F33D-4B81-B871-7C6C9D288F2B}.Release|Any CPU.ActiveCfg = Release|Any CPU
		{DFE362B4-F33D-4B81-B871-7C6C9D288F2B}.Release|Any CPU.Build.0 = Release|Any CPU
		{151B48E2-DF59-4B05-968D-1792F14AA1FE}.Debug|Any CPU.ActiveCfg = Debug|Any CPU
		{151B48E2-DF59-4B05-968D-1792F14AA1FE}.Debug|Any CPU.Build.0 = Debug|Any CPU
		{151B48E2-DF59-4B05-968D-1792F14AA1FE}.Release|Any CPU.ActiveCfg = Release|Any CPU
		{151B48E2-DF59-4B05-968D-1792F14AA1FE}.Release|Any CPU.Build.0 = Release|Any CPU
		{D22127A7-32FA-4014-B84D-F7D34A1F1992}.Debug|Any CPU.ActiveCfg = Debug|Any CPU
		{D22127A7-32FA-4014-B84D-F7D34A1F1992}.Debug|Any CPU.Build.0 = Debug|Any CPU
		{D22127A7-32FA-4014-B84D-F7D34A1F1992}.Release|Any CPU.ActiveCfg = Release|Any CPU
		{D22127A7-32FA-4014-B84D-F7D34A1F1992}.Release|Any CPU.Build.0 = Release|Any CPU
		{05E7856F-EFDF-4519-A33D-E29E922588FE}.Debug|Any CPU.ActiveCfg = Debug|Any CPU
		{05E7856F-EFDF-4519-A33D-E29E922588FE}.Debug|Any CPU.Build.0 = Debug|Any CPU
		{05E7856F-EFDF-4519-A33D-E29E922588FE}.Release|Any CPU.ActiveCfg = Release|Any CPU
		{05E7856F-EFDF-4519-A33D-E29E922588FE}.Release|Any CPU.Build.0 = Release|Any CPU
		{AB2EB34E-4A13-4F19-8A47-6333EDBCD99A}.Debug|Any CPU.ActiveCfg = Debug|Any CPU
		{AB2EB34E-4A13-4F19-8A47-6333EDBCD99A}.Debug|Any CPU.Build.0 = Debug|Any CPU
		{AB2EB34E-4A13-4F19-8A47-6333EDBCD99A}.Release|Any CPU.ActiveCfg = Release|Any CPU
		{AB2EB34E-4A13-4F19-8A47-6333EDBCD99A}.Release|Any CPU.Build.0 = Release|Any CPU
		{D71BA96A-B5DC-4C35-AD4B-AA24C4C59701}.Debug|Any CPU.ActiveCfg = Debug|Any CPU
		{D71BA96A-B5DC-4C35-AD4B-AA24C4C59701}.Debug|Any CPU.Build.0 = Debug|Any CPU
		{D71BA96A-B5DC-4C35-AD4B-AA24C4C59701}.Release|Any CPU.ActiveCfg = Release|Any CPU
		{D71BA96A-B5DC-4C35-AD4B-AA24C4C59701}.Release|Any CPU.Build.0 = Release|Any CPU
		{F87512A7-855F-49D5-9D3F-FF9278FED297}.Debug|Any CPU.ActiveCfg = Debug|Any CPU
		{F87512A7-855F-49D5-9D3F-FF9278FED297}.Debug|Any CPU.Build.0 = Debug|Any CPU
		{F87512A7-855F-49D5-9D3F-FF9278FED297}.Release|Any CPU.ActiveCfg = Release|Any CPU
		{F87512A7-855F-49D5-9D3F-FF9278FED297}.Release|Any CPU.Build.0 = Release|Any CPU
		{446F0BD2-5B4B-43CF-A77A-18929CE7F910}.Debug|Any CPU.ActiveCfg = Debug|Any CPU
		{446F0BD2-5B4B-43CF-A77A-18929CE7F910}.Debug|Any CPU.Build.0 = Debug|Any CPU
		{446F0BD2-5B4B-43CF-A77A-18929CE7F910}.Release|Any CPU.ActiveCfg = Release|Any CPU
		{446F0BD2-5B4B-43CF-A77A-18929CE7F910}.Release|Any CPU.Build.0 = Release|Any CPU
		{2ED97653-9BE5-46A4-8A2E-154C36C9FC7A}.Debug|Any CPU.ActiveCfg = Debug|Any CPU
		{2ED97653-9BE5-46A4-8A2E-154C36C9FC7A}.Debug|Any CPU.Build.0 = Debug|Any CPU
		{2ED97653-9BE5-46A4-8A2E-154C36C9FC7A}.Release|Any CPU.ActiveCfg = Release|Any CPU
		{2ED97653-9BE5-46A4-8A2E-154C36C9FC7A}.Release|Any CPU.Build.0 = Release|Any CPU
		{80CBB1E0-CD80-4F5A-8B1C-42164D712992}.Debug|Any CPU.ActiveCfg = Debug|Any CPU
		{80CBB1E0-CD80-4F5A-8B1C-42164D712992}.Debug|Any CPU.Build.0 = Debug|Any CPU
		{80CBB1E0-CD80-4F5A-8B1C-42164D712992}.Release|Any CPU.ActiveCfg = Release|Any CPU
		{80CBB1E0-CD80-4F5A-8B1C-42164D712992}.Release|Any CPU.Build.0 = Release|Any CPU
		{B440A5C6-E91D-47A2-85B5-755DE8D95181}.Debug|Any CPU.ActiveCfg = Debug|Any CPU
		{B440A5C6-E91D-47A2-85B5-755DE8D95181}.Debug|Any CPU.Build.0 = Debug|Any CPU
		{B440A5C6-E91D-47A2-85B5-755DE8D95181}.Release|Any CPU.ActiveCfg = Release|Any CPU
		{B440A5C6-E91D-47A2-85B5-755DE8D95181}.Release|Any CPU.Build.0 = Release|Any CPU
		{041CB5BD-FE1C-40DC-A066-D06DF02DBB9F}.Debug|Any CPU.ActiveCfg = Debug|Any CPU
		{041CB5BD-FE1C-40DC-A066-D06DF02DBB9F}.Debug|Any CPU.Build.0 = Debug|Any CPU
		{041CB5BD-FE1C-40DC-A066-D06DF02DBB9F}.Release|Any CPU.ActiveCfg = Release|Any CPU
		{041CB5BD-FE1C-40DC-A066-D06DF02DBB9F}.Release|Any CPU.Build.0 = Release|Any CPU
	EndGlobalSection
	GlobalSection(SolutionProperties) = preSolution
		HideSolutionNode = FALSE
	EndGlobalSection
	GlobalSection(ExtensibilityGlobals) = postSolution
		SolutionGuid = {E553AC94-604C-4419-830A-EA62B6040E26}
	EndGlobalSection
EndGlobal
