
Microsoft Visual Studio Solution File, Format Version 12.00
# Visual Studio 15
VisualStudioVersion = 15.0.28307.136
MinimumVisualStudioVersion = 10.0.40219.1
Project("{FAE04EC0-301F-11D3-BF4B-00C04F79EFBC}") = "Ds.Arrays.Medium.SparseArrays", "Ds.Arrays.Medium.SparseArrays\Ds.Arrays.Medium.SparseArrays.csproj", "{2818D69E-026A-4CD0-B12A-AAF5DF64ED3A}"
EndProject
Project("{FAE04EC0-301F-11D3-BF4B-00C04F79EFBC}") = "Ds.LinkedLists.Medium.CycleDetection", "Ds.LinkedLists.Medium.CycleDetection\Ds.LinkedLists.Medium.CycleDetection.csproj", "{9E34C4D2-C25A-45CD-BA99-7B4D39C95DD9}"
EndProject
Project("{FAE04EC0-301F-11D3-BF4B-00C04F79EFBC}") = "Ds.Stacks.Hard.AndXorOr", "Ds.Stacks.Hard.AndXorOr\Ds.Stacks.Hard.AndXorOr.csproj", "{DFE362B4-F33D-4B81-B871-7C6C9D288F2B}"
EndProject
Project("{FAE04EC0-301F-11D3-BF4B-00C04F79EFBC}") = "Ds.Arrays.Hard.ArrayManipulation", "Ds.Arrays.Hard.ArrayManipulation\Ds.Arrays.Hard.ArrayManipulation.csproj", "{151B48E2-DF59-4B05-968D-1792F14AA1FE}"
EndProject
Project("{FAE04EC0-301F-11D3-BF4B-00C04F79EFBC}") = "Ds.Queues.Medium.QueueUsingStacks", "Ds.Queues.Medium.QueueUsingStacks\Ds.Queues.Medium.QueueUsingStacks.csproj", "{D22127A7-32FA-4014-B84D-F7D34A1F1992}"
EndProject
Global
	GlobalSection(SolutionConfigurationPlatforms) = preSolution
		Debug|Any CPU = Debug|Any CPU
		Release|Any CPU = Release|Any CPU
	EndGlobalSection
	GlobalSection(ProjectConfigurationPlatforms) = postSolution
		{2818D69E-026A-4CD0-B12A-AAF5DF64ED3A}.Debug|Any CPU.ActiveCfg = Debug|Any CPU
		{2818D69E-026A-4CD0-B12A-AAF5DF64ED3A}.Debug|Any CPU.Build.0 = Debug|Any CPU
		{2818D69E-026A-4CD0-B12A-AAF5DF64ED3A}.Release|Any CPU.ActiveCfg = Release|Any CPU
		{2818D69E-026A-4CD0-B12A-AAF5DF64ED3A}.Release|Any CPU.Build.0 = Release|Any CPU
		{9E34C4D2-C25A-45CD-BA99-7B4D39C95DD9}.Debug|Any CPU.ActiveCfg = Debug|Any CPU
		{9E34C4D2-C25A-45CD-BA99-7B4D39C95DD9}.Debug|Any CPU.Build.0 = Debug|Any CPU
		{9E34C4D2-C25A-45CD-BA99-7B4D39C95DD9}.Release|Any CPU.ActiveCfg = Release|Any CPU
		{9E34C4D2-C25A-45CD-BA99-7B4D39C95DD9}.Release|Any CPU.Build.0 = Release|Any CPU
		{DFE362B4-F33D-4B81-B871-7C6C9D288F2B}.Debug|Any CPU.ActiveCfg = Debug|Any CPU
		{DFE362B4-F33D-4B81-B871-7C6C9D288F2B}.Debug|Any CPU.Build.0 = Debug|Any CPU
		{DFE362B4-F33D-4B81-B871-7C6C9D288F2B}.Release|Any CPU.ActiveCfg = Release|Any CPU
		{DFE362B4-F33D-4B81-B871-7C6C9D288F2B}.Release|Any CPU.Build.0 = Release|Any CPU
		{151B48E2-DF59-4B05-968D-1792F14AA1FE}.Debug|Any CPU.ActiveCfg = Debug|Any CPU
		{151B48E2-DF59-4B05-968D-1792F14AA1FE}.Debug|Any CPU.Build.0 = Debug|Any CPU
		{151B48E2-DF59-4B05-968D-1792F14AA1FE}.Release|Any CPU.ActiveCfg = Release|Any CPU
		{151B48E2-DF59-4B05-968D-1792F14AA1FE}.Release|Any CPU.Build.0 = Release|Any CPU
		{D22127A7-32FA-4014-B84D-F7D34A1F1992}.Debug|Any CPU.ActiveCfg = Debug|Any CPU
		{D22127A7-32FA-4014-B84D-F7D34A1F1992}.Debug|Any CPU.Build.0 = Debug|Any CPU
		{D22127A7-32FA-4014-B84D-F7D34A1F1992}.Release|Any CPU.ActiveCfg = Release|Any CPU
		{D22127A7-32FA-4014-B84D-F7D34A1F1992}.Release|Any CPU.Build.0 = Release|Any CPU
	EndGlobalSection
	GlobalSection(SolutionProperties) = preSolution
		HideSolutionNode = FALSE
	EndGlobalSection
	GlobalSection(ExtensibilityGlobals) = postSolution
		SolutionGuid = {E553AC94-604C-4419-830A-EA62B6040E26}
	EndGlobalSection
EndGlobal
